
Microsoft Visual Studio Solution File, Format Version 12.00
# Visual Studio Version 17
VisualStudioVersion = 17.0.31903.59
MinimumVisualStudioVersion = 10.0.40219.1
Project("{2150E333-8FDC-42A3-9474-1A3956D46DE8}") = "src", "src", "{827E0CD3-B72D-47B6-A68D-7590B98EB39B}"
EndProject
Project("{FAE04EC0-301F-11D3-BF4B-00C04F79EFBC}") = "CanteenAutomation.Api", "src\CanteenAutomation.Api\CanteenAutomation.Api.csproj", "{0145AB93-FFBC-460F-915B-E2A65F1FD188}"
EndProject
Project("{FAE04EC0-301F-11D3-BF4B-00C04F79EFBC}") = "CanteenAutomation.Domain", "src\CanteenAutomation.Domain\CanteenAutomation.Domain.csproj", "{4C587E72-80E1-45B6-BC5B-108CE9597A8E}"
EndProject
Project("{FAE04EC0-301F-11D3-BF4B-00C04F79EFBC}") = "CanteenAutomation.Infrastructure", "src\CanteenAutomation.Infrastructure\CanteenAutomation.Infrastructure.csproj", "{2BA32B57-1151-43E1-8287-645A24DD2E18}"
EndProject
Project("{2150E333-8FDC-42A3-9474-1A3956D46DE8}") = "tests", "tests", "{0AB3BF05-4346-4AA6-1389-037BE0695223}"
EndProject
Project("{FAE04EC0-301F-11D3-BF4B-00C04F79EFBC}") = "CanteenAutomation.Tests", "tests\CanteenAutomation.Tests\CanteenAutomation.Tests.csproj", "{61CF051D-E0D9-4325-946A-20AC51E10360}"
EndProject
Global
	GlobalSection(SolutionConfigurationPlatforms) = preSolution
		Debug|Any CPU = Debug|Any CPU
		Debug|x64 = Debug|x64
		Debug|x86 = Debug|x86
		Release|Any CPU = Release|Any CPU
		Release|x64 = Release|x64
		Release|x86 = Release|x86
	EndGlobalSection
	GlobalSection(ProjectConfigurationPlatforms) = postSolution
		{0145AB93-FFBC-460F-915B-E2A65F1FD188}.Debug|Any CPU.ActiveCfg = Debug|Any CPU
		{0145AB93-FFBC-460F-915B-E2A65F1FD188}.Debug|Any CPU.Build.0 = Debug|Any CPU
		{0145AB93-FFBC-460F-915B-E2A65F1FD188}.Debug|x64.ActiveCfg = Debug|Any CPU
		{0145AB93-FFBC-460F-915B-E2A65F1FD188}.Debug|x64.Build.0 = Debug|Any CPU
		{0145AB93-FFBC-460F-915B-E2A65F1FD188}.Debug|x86.ActiveCfg = Debug|Any CPU
		{0145AB93-FFBC-460F-915B-E2A65F1FD188}.Debug|x86.Build.0 = Debug|Any CPU
		{0145AB93-FFBC-460F-915B-E2A65F1FD188}.Release|Any CPU.ActiveCfg = Release|Any CPU
		{0145AB93-FFBC-460F-915B-E2A65F1FD188}.Release|Any CPU.Build.0 = Release|Any CPU
		{0145AB93-FFBC-460F-915B-E2A65F1FD188}.Release|x64.ActiveCfg = Release|Any CPU
		{0145AB93-FFBC-460F-915B-E2A65F1FD188}.Release|x64.Build.0 = Release|Any CPU
		{0145AB93-FFBC-460F-915B-E2A65F1FD188}.Release|x86.ActiveCfg = Release|Any CPU
		{0145AB93-FFBC-460F-915B-E2A65F1FD188}.Release|x86.Build.0 = Release|Any CPU
		{4C587E72-80E1-45B6-BC5B-108CE9597A8E}.Debug|Any CPU.ActiveCfg = Debug|Any CPU
		{4C587E72-80E1-45B6-BC5B-108CE9597A8E}.Debug|Any CPU.Build.0 = Debug|Any CPU
		{4C587E72-80E1-45B6-BC5B-108CE9597A8E}.Debug|x64.ActiveCfg = Debug|Any CPU
		{4C587E72-80E1-45B6-BC5B-108CE9597A8E}.Debug|x64.Build.0 = Debug|Any CPU
		{4C587E72-80E1-45B6-BC5B-108CE9597A8E}.Debug|x86.ActiveCfg = Debug|Any CPU
		{4C587E72-80E1-45B6-BC5B-108CE9597A8E}.Debug|x86.Build.0 = Debug|Any CPU
		{4C587E72-80E1-45B6-BC5B-108CE9597A8E}.Release|Any CPU.ActiveCfg = Release|Any CPU
		{4C587E72-80E1-45B6-BC5B-108CE9597A8E}.Release|Any CPU.Build.0 = Release|Any CPU
		{4C587E72-80E1-45B6-BC5B-108CE9597A8E}.Release|x64.ActiveCfg = Release|Any CPU
		{4C587E72-80E1-45B6-BC5B-108CE9597A8E}.Release|x64.Build.0 = Release|Any CPU
		{4C587E72-80E1-45B6-BC5B-108CE9597A8E}.Release|x86.ActiveCfg = Release|Any CPU
		{4C587E72-80E1-45B6-BC5B-108CE9597A8E}.Release|x86.Build.0 = Release|Any CPU
		{2BA32B57-1151-43E1-8287-645A24DD2E18}.Debug|Any CPU.ActiveCfg = Debug|Any CPU
		{2BA32B57-1151-43E1-8287-645A24DD2E18}.Debug|Any CPU.Build.0 = Debug|Any CPU
		{2BA32B57-1151-43E1-8287-645A24DD2E18}.Debug|x64.ActiveCfg = Debug|Any CPU
		{2BA32B57-1151-43E1-8287-645A24DD2E18}.Debug|x64.Build.0 = Debug|Any CPU
		{2BA32B57-1151-43E1-8287-645A24DD2E18}.Debug|x86.ActiveCfg = Debug|Any CPU
		{2BA32B57-1151-43E1-8287-645A24DD2E18}.Debug|x86.Build.0 = Debug|Any CPU
		{2BA32B57-1151-43E1-8287-645A24DD2E18}.Release|Any CPU.ActiveCfg = Release|Any CPU
		{2BA32B57-1151-43E1-8287-645A24DD2E18}.Release|Any CPU.Build.0 = Release|Any CPU
		{2BA32B57-1151-43E1-8287-645A24DD2E18}.Release|x64.ActiveCfg = Release|Any CPU
		{2BA32B57-1151-43E1-8287-645A24DD2E18}.Release|x64.Build.0 = Release|Any CPU
		{2BA32B57-1151-43E1-8287-645A24DD2E18}.Release|x86.ActiveCfg = Release|Any CPU
		{2BA32B57-1151-43E1-8287-645A24DD2E18}.Release|x86.Build.0 = Release|Any CPU
		{61CF051D-E0D9-4325-946A-20AC51E10360}.Debug|Any CPU.ActiveCfg = Debug|Any CPU
		{61CF051D-E0D9-4325-946A-20AC51E10360}.Debug|Any CPU.Build.0 = Debug|Any CPU
		{61CF051D-E0D9-4325-946A-20AC51E10360}.Debug|x64.ActiveCfg = Debug|Any CPU
		{61CF051D-E0D9-4325-946A-20AC51E10360}.Debug|x64.Build.0 = Debug|Any CPU
		{61CF051D-E0D9-4325-946A-20AC51E10360}.Debug|x86.ActiveCfg = Debug|Any CPU
		{61CF051D-E0D9-4325-946A-20AC51E10360}.Debug|x86.Build.0 = Debug|Any CPU
		{61CF051D-E0D9-4325-946A-20AC51E10360}.Release|Any CPU.ActiveCfg = Release|Any CPU
		{61CF051D-E0D9-4325-946A-20AC51E10360}.Release|Any CPU.Build.0 = Release|Any CPU
		{61CF051D-E0D9-4325-946A-20AC51E10360}.Release|x64.ActiveCfg = Release|Any CPU
		{61CF051D-E0D9-4325-946A-20AC51E10360}.Release|x64.Build.0 = Release|Any CPU
		{61CF051D-E0D9-4325-946A-20AC51E10360}.Release|x86.ActiveCfg = Release|Any CPU
		{61CF051D-E0D9-4325-946A-20AC51E10360}.Release|x86.Build.0 = Release|Any CPU
	EndGlobalSection
	GlobalSection(SolutionProperties) = preSolution
		HideSolutionNode = FALSE
	EndGlobalSection
	GlobalSection(NestedProjects) = preSolution
		{0145AB93-FFBC-460F-915B-E2A65F1FD188} = {827E0CD3-B72D-47B6-A68D-7590B98EB39B}
		{4C587E72-80E1-45B6-BC5B-108CE9597A8E} = {827E0CD3-B72D-47B6-A68D-7590B98EB39B}
		{2BA32B57-1151-43E1-8287-645A24DD2E18} = {827E0CD3-B72D-47B6-A68D-7590B98EB39B}
		{61CF051D-E0D9-4325-946A-20AC51E10360} = {0AB3BF05-4346-4AA6-1389-037BE0695223}
	EndGlobalSection
EndGlobal
